
Microsoft Visual Studio Solution File, Format Version 12.00
# Visual Studio Version 17
VisualStudioVersion = 17.0.31903.59
MinimumVisualStudioVersion = 10.0.40219.1
Project("{FAE04EC0-301F-11D3-BF4B-00C04F79EFBC}") = "API", "API\API.csproj", "{744F2519-6ED4-4B64-BDF6-0DC02110C703}"
EndProject
Project("{FAE04EC0-301F-11D3-BF4B-00C04F79EFBC}") = "Core", "Core\Core.csproj", "{170CB374-0544-4DEF-8ADB-A81F88014DD1}"
EndProject
Project("{FAE04EC0-301F-11D3-BF4B-00C04F79EFBC}") = "Infrastructure", "Infrastructure\Infrastructure.csproj", "{555AA5DE-804B-4A99-B2A3-4CD09325104F}"
EndProject
Global
	GlobalSection(SolutionConfigurationPlatforms) = preSolution
		Debug|Any CPU = Debug|Any CPU
		Release|Any CPU = Release|Any CPU
	EndGlobalSection
	GlobalSection(SolutionProperties) = preSolution
		HideSolutionNode = FALSE
	EndGlobalSection
	GlobalSection(ProjectConfigurationPlatforms) = postSolution
		{744F2519-6ED4-4B64-BDF6-0DC02110C703}.Debug|Any CPU.ActiveCfg = Debug|Any CPU
		{744F2519-6ED4-4B64-BDF6-0DC02110C703}.Debug|Any CPU.Build.0 = Debug|Any CPU
		{744F2519-6ED4-4B64-BDF6-0DC02110C703}.Release|Any CPU.ActiveCfg = Release|Any CPU
		{744F2519-6ED4-4B64-BDF6-0DC02110C703}.Release|Any CPU.Build.0 = Release|Any CPU
		{170CB374-0544-4DEF-8ADB-A81F88014DD1}.Debug|Any CPU.ActiveCfg = Debug|Any CPU
		{170CB374-0544-4DEF-8ADB-A81F88014DD1}.Debug|Any CPU.Build.0 = Debug|Any CPU
		{170CB374-0544-4DEF-8ADB-A81F88014DD1}.Release|Any CPU.ActiveCfg = Release|Any CPU
		{170CB374-0544-4DEF-8ADB-A81F88014DD1}.Release|Any CPU.Build.0 = Release|Any CPU
		{555AA5DE-804B-4A99-B2A3-4CD09325104F}.Debug|Any CPU.ActiveCfg = Debug|Any CPU
		{555AA5DE-804B-4A99-B2A3-4CD09325104F}.Debug|Any CPU.Build.0 = Debug|Any CPU
		{555AA5DE-804B-4A99-B2A3-4CD09325104F}.Release|Any CPU.ActiveCfg = Release|Any CPU
		{555AA5DE-804B-4A99-B2A3-4CD09325104F}.Release|Any CPU.Build.0 = Release|Any CPU
	EndGlobalSection
EndGlobal
